
Microsoft Visual Studio Solution File, Format Version 12.00
# Visual Studio Version 17
VisualStudioVersion = 17.9.34622.214
MinimumVisualStudioVersion = 10.0.40219.1
Project("{9A19103F-16F7-4668-BE54-9A1E7A4F7556}") = "MetakTraining", "C:\Users\zmahmudov\source\repos\MetakTraining.csproj", "{DEECF724-A5C6-4BA0-A5C6-55ACE3A0A319}"
EndProject
Global
	GlobalSection(SolutionConfigurationPlatforms) = preSolution
		Debug|Any CPU = Debug|Any CPU
		Release|Any CPU = Release|Any CPU
	EndGlobalSection
	GlobalSection(ProjectConfigurationPlatforms) = postSolution
		{DEECF724-A5C6-4BA0-A5C6-55ACE3A0A319}.Debug|Any CPU.ActiveCfg = Debug|Any CPU
		{DEECF724-A5C6-4BA0-A5C6-55ACE3A0A319}.Debug|Any CPU.Build.0 = Debug|Any CPU
		{DEECF724-A5C6-4BA0-A5C6-55ACE3A0A319}.Release|Any CPU.ActiveCfg = Release|Any CPU
		{DEECF724-A5C6-4BA0-A5C6-55ACE3A0A319}.Release|Any CPU.Build.0 = Release|Any CPU
	EndGlobalSection
	GlobalSection(SolutionProperties) = preSolution
		HideSolutionNode = FALSE
	EndGlobalSection
	GlobalSection(ExtensibilityGlobals) = postSolution
		SolutionGuid = {9CD5C47B-6133-400A-83E1-101E48AF54FB}
	EndGlobalSection
EndGlobal
